
Microsoft Visual Studio Solution File, Format Version 12.00
# Visual Studio Version 16
VisualStudioVersion = 16.0.31515.178
MinimumVisualStudioVersion = 10.0.40219.1
Project("{FAE04EC0-301F-11D3-BF4B-00C04F79EFBC}") = "Multiplicacion", "Multiplicacion\Multiplicacion.csproj", "{FD0267EA-E59D-45BC-90C4-B7100E66FD71}"
EndProject
Global
	GlobalSection(SolutionConfigurationPlatforms) = preSolution
		Debug|Any CPU = Debug|Any CPU
		Release|Any CPU = Release|Any CPU
	EndGlobalSection
	GlobalSection(ProjectConfigurationPlatforms) = postSolution
		{FD0267EA-E59D-45BC-90C4-B7100E66FD71}.Debug|Any CPU.ActiveCfg = Debug|Any CPU
		{FD0267EA-E59D-45BC-90C4-B7100E66FD71}.Debug|Any CPU.Build.0 = Debug|Any CPU
		{FD0267EA-E59D-45BC-90C4-B7100E66FD71}.Release|Any CPU.ActiveCfg = Release|Any CPU
		{FD0267EA-E59D-45BC-90C4-B7100E66FD71}.Release|Any CPU.Build.0 = Release|Any CPU
	EndGlobalSection
	GlobalSection(SolutionProperties) = preSolution
		HideSolutionNode = FALSE
	EndGlobalSection
	GlobalSection(ExtensibilityGlobals) = postSolution
		SolutionGuid = {70FEB5F6-729B-4979-B369-C1B8EC46ACDD}
	EndGlobalSection
EndGlobal
